// !$*UTF8*$!
{
	archiveVersion = 1;
	classes = {
	};
	objectVersion = 46;
	objects = {

/* Begin PBXBuildFile section */
		3F0FBAD214E41839005ECFA1 /* UIKit.framework in Frameworks */ = {isa = PBXBuildFile; fileRef = 3F0FBAD114E41839005ECFA1 /* UIKit.framework */; };
		3F0FBAD414E41839005ECFA1 /* Foundation.framework in Frameworks */ = {isa = PBXBuildFile; fileRef = 3F0FBAD314E41839005ECFA1 /* Foundation.framework */; };
		3F0FBAD614E41839005ECFA1 /* CoreGraphics.framework in Frameworks */ = {isa = PBXBuildFile; fileRef = 3F0FBAD514E41839005ECFA1 /* CoreGraphics.framework */; };
		3F0FBADC14E41839005ECFA1 /* InfoPlist.strings in Resources */ = {isa = PBXBuildFile; fileRef = 3F0FBADA14E41839005ECFA1 /* InfoPlist.strings */; };
		3F0FBADE14E41839005ECFA1 /* main.m in Sources */ = {isa = PBXBuildFile; fileRef = 3F0FBADD14E41839005ECFA1 /* main.m */; };
		3F0FBAE214E41839005ECFA1 /* DazAppDelegate.m in Sources */ = {isa = PBXBuildFile; fileRef = 3F0FBAE114E41839005ECFA1 /* DazAppDelegate.m */; };
		3F0FBAE514E41839005ECFA1 /* iPhone.storyboard in Resources */ = {isa = PBXBuildFile; fileRef = 3F0FBAE314E41839005ECFA1 /* iPhone.storyboard */; };
		3F0FBAEB14E41839005ECFA1 /* DazViewController.m in Sources */ = {isa = PBXBuildFile; fileRef = 3F0FBAEA14E41839005ECFA1 /* DazViewController.m */; };
		3F0FBAED14E41839005ECFA1 /* first.png in Resources */ = {isa = PBXBuildFile; fileRef = 3F0FBAEC14E41839005ECFA1 /* first.png */; };
		3F0FBAEF14E41839005ECFA1 /* first@2x.png in Resources */ = {isa = PBXBuildFile; fileRef = 3F0FBAEE14E41839005ECFA1 /* first@2x.png */; };
		3F0FBAF214E41839005ECFA1 /* DazInfoController.m in Sources */ = {isa = PBXBuildFile; fileRef = 3F0FBAF114E41839005ECFA1 /* DazInfoController.m */; };
		3F0FBAFF14E41CD6005ECFA1 /* QuartzCore.framework in Frameworks */ = {isa = PBXBuildFile; fileRef = 3F0FBAFE14E41CD6005ECFA1 /* QuartzCore.framework */; };
		3F0FBB1314E43DBF005ECFA1 /* DazFireController.m in Sources */ = {isa = PBXBuildFile; fileRef = 3F0FBB1214E43DBF005ECFA1 /* DazFireController.m */; };
		3F0FBB1614E444FD005ECFA1 /* DazHeart.png in Resources */ = {isa = PBXBuildFile; fileRef = 3F0FBB1414E444FD005ECFA1 /* DazHeart.png */; };
		3F0FBB1714E444FD005ECFA1 /* DazStarOutline.png in Resources */ = {isa = PBXBuildFile; fileRef = 3F0FBB1514E444FD005ECFA1 /* DazStarOutline.png */; };
		3F0FBB1E14E45E15005ECFA1 /* DazHeartIcon.png in Resources */ = {isa = PBXBuildFile; fileRef = 3F0FBB1C14E45E15005ECFA1 /* DazHeartIcon.png */; };
		3F0FBB1F14E45E15005ECFA1 /* DazHeartIcon@2x.png in Resources */ = {isa = PBXBuildFile; fileRef = 3F0FBB1D14E45E15005ECFA1 /* DazHeartIcon@2x.png */; };
		3F1A4CE614E584A200B948CF /* DazFire.png in Resources */ = {isa = PBXBuildFile; fileRef = 3F1A4CE414E584A200B948CF /* DazFire.png */; };
		3F1A4CE714E584A200B948CF /* DazSmoke.png in Resources */ = {isa = PBXBuildFile; fileRef = 3F1A4CE514E584A200B948CF /* DazSmoke.png */; };
		3F4AC03D14E7082F00A91334 /* Icon-72.png in Resources */ = {isa = PBXBuildFile; fileRef = 3F4AC03614E7082F00A91334 /* Icon-72.png */; };
		3F4AC03E14E7082F00A91334 /* Icon-Small-50.png in Resources */ = {isa = PBXBuildFile; fileRef = 3F4AC03714E7082F00A91334 /* Icon-Small-50.png */; };
		3F4AC03F14E7082F00A91334 /* Icon-Small.png in Resources */ = {isa = PBXBuildFile; fileRef = 3F4AC03814E7082F00A91334 /* Icon-Small.png */; };
		3F4AC04014E7082F00A91334 /* Icon-Small@2x.png in Resources */ = {isa = PBXBuildFile; fileRef = 3F4AC03914E7082F00A91334 /* Icon-Small@2x.png */; };
		3F4AC04114E7082F00A91334 /* Icon.png in Resources */ = {isa = PBXBuildFile; fileRef = 3F4AC03A14E7082F00A91334 /* Icon.png */; };
		3F4AC04214E7082F00A91334 /* Icon@2x.png in Resources */ = {isa = PBXBuildFile; fileRef = 3F4AC03B14E7082F00A91334 /* Icon@2x.png */; };
		3F4AC04314E7082F00A91334 /* iTunesArtwork.png in Resources */ = {isa = PBXBuildFile; fileRef = 3F4AC03C14E7082F00A91334 /* iTunesArtwork.png */; };
		3F4AC05114E7259500A91334 /* DazTouchController.m in Sources */ = {isa = PBXBuildFile; fileRef = 3F4AC05014E7259400A91334 /* DazTouchController.m */; };
		3F4AC05414E7374200A91334 /* DazTriangle.png in Resources */ = {isa = PBXBuildFile; fileRef = 3F4AC05214E7374200A91334 /* DazTriangle.png */; };
		3F4AC05514E7374200A91334 /* DazRing.png in Resources */ = {isa = PBXBuildFile; fileRef = 3F4AC05314E7374200A91334 /* DazRing.png */; };
		3F687BC314E47426007F7BBF /* DazFlameIcon.png in Resources */ = {isa = PBXBuildFile; fileRef = 3F687BC114E47426007F7BBF /* DazFlameIcon.png */; };
		3F687BC414E47426007F7BBF /* DazFlameIcon@2x.png in Resources */ = {isa = PBXBuildFile; fileRef = 3F687BC214E47426007F7BBF /* DazFlameIcon@2x.png */; };
		3F687BC914E478EE007F7BBF /* DazFlake.png in Resources */ = {isa = PBXBuildFile; fileRef = 3F687BC614E478EE007F7BBF /* DazFlake.png */; };
		3F687BCA14E478EE007F7BBF /* DazFlakeIcon.png in Resources */ = {isa = PBXBuildFile; fileRef = 3F687BC714E478EE007F7BBF /* DazFlakeIcon.png */; };
		3F687BCB14E478EE007F7BBF /* DazFlakeIcon@2x.png in Resources */ = {isa = PBXBuildFile; fileRef = 3F687BC814E478EE007F7BBF /* DazFlakeIcon@2x.png */; };
		3FBCC57614EAC1ED007A5BFF /* DazFireworksController.m in Sources */ = {isa = PBXBuildFile; fileRef = 3FBCC57514EAC1ED007A5BFF /* DazFireworksController.m */; };
		3FBCC57A14EAF3E8007A5BFF /* DazStarIcon@2x.png in Resources */ = {isa = PBXBuildFile; fileRef = 3FBCC57814EAF3E8007A5BFF /* DazStarIcon@2x.png */; };
		3FBCC57B14EAF3E8007A5BFF /* DazStarIcon.png in Resources */ = {isa = PBXBuildFile; fileRef = 3FBCC57914EAF3E8007A5BFF /* DazStarIcon.png */; };
		3FCB552014EBE07E000164B1 /* readme.markdown in Resources */ = {isa = PBXBuildFile; fileRef = 3FCB551F14EBE07E000164B1 /* readme.markdown */; };
/* End PBXBuildFile section */

/* Begin PBXFileReference section */
		3F0FBACD14E41839005ECFA1 /* Dazzle.app */ = {isa = PBXFileReference; explicitFileType = wrapper.application; includeInIndex = 0; path = Dazzle.app; sourceTree = BUILT_PRODUCTS_DIR; };
		3F0FBAD114E41839005ECFA1 /* UIKit.framework */ = {isa = PBXFileReference; lastKnownFileType = wrapper.framework; name = UIKit.framework; path = System/Library/Frameworks/UIKit.framework; sourceTree = SDKROOT; };
		3F0FBAD314E41839005ECFA1 /* Foundation.framework */ = {isa = PBXFileReference; lastKnownFileType = wrapper.framework; name = Foundation.framework; path = System/Library/Frameworks/Foundation.framework; sourceTree = SDKROOT; };
		3F0FBAD514E41839005ECFA1 /* CoreGraphics.framework */ = {isa = PBXFileReference; lastKnownFileType = wrapper.framework; name = CoreGraphics.framework; path = System/Library/Frameworks/CoreGraphics.framework; sourceTree = SDKROOT; };
		3F0FBAD914E41839005ECFA1 /* Dazzle-Info.plist */ = {isa = PBXFileReference; lastKnownFileType = text.plist.xml; path = "Dazzle-Info.plist"; sourceTree = "<group>"; };
		3F0FBADB14E41839005ECFA1 /* en */ = {isa = PBXFileReference; lastKnownFileType = text.plist.strings; name = en; path = en.lproj/InfoPlist.strings; sourceTree = "<group>"; };
		3F0FBADD14E41839005ECFA1 /* main.m */ = {isa = PBXFileReference; lastKnownFileType = sourcecode.c.objc; path = main.m; sourceTree = "<group>"; };
		3F0FBADF14E41839005ECFA1 /* Dazzle-Prefix.pch */ = {isa = PBXFileReference; lastKnownFileType = sourcecode.c.h; path = "Dazzle-Prefix.pch"; sourceTree = "<group>"; };
		3F0FBAE014E41839005ECFA1 /* DazAppDelegate.h */ = {isa = PBXFileReference; lastKnownFileType = sourcecode.c.h; path = DazAppDelegate.h; sourceTree = "<group>"; };
		3F0FBAE114E41839005ECFA1 /* DazAppDelegate.m */ = {isa = PBXFileReference; lastKnownFileType = sourcecode.c.objc; path = DazAppDelegate.m; sourceTree = "<group>"; };
		3F0FBAE414E41839005ECFA1 /* en */ = {isa = PBXFileReference; lastKnownFileType = file.storyboard; name = en; path = en.lproj/iPhone.storyboard; sourceTree = "<group>"; };
		3F0FBAE914E41839005ECFA1 /* DazViewController.h */ = {isa = PBXFileReference; lastKnownFileType = sourcecode.c.h; path = DazViewController.h; sourceTree = "<group>"; };
		3F0FBAEA14E41839005ECFA1 /* DazViewController.m */ = {isa = PBXFileReference; lastKnownFileType = sourcecode.c.objc; path = DazViewController.m; sourceTree = "<group>"; };
		3F0FBAEC14E41839005ECFA1 /* first.png */ = {isa = PBXFileReference; lastKnownFileType = image.png; path = first.png; sourceTree = "<group>"; };
		3F0FBAEE14E41839005ECFA1 /* first@2x.png */ = {isa = PBXFileReference; lastKnownFileType = image.png; path = "first@2x.png"; sourceTree = "<group>"; };
		3F0FBAF014E41839005ECFA1 /* DazInfoController.h */ = {isa = PBXFileReference; lastKnownFileType = sourcecode.c.h; path = DazInfoController.h; sourceTree = "<group>"; };
		3F0FBAF114E41839005ECFA1 /* DazInfoController.m */ = {isa = PBXFileReference; lastKnownFileType = sourcecode.c.objc; path = DazInfoController.m; sourceTree = "<group>"; };
		3F0FBAFE14E41CD6005ECFA1 /* QuartzCore.framework */ = {isa = PBXFileReference; lastKnownFileType = wrapper.framework; name = QuartzCore.framework; path = System/Library/Frameworks/QuartzCore.framework; sourceTree = SDKROOT; };
		3F0FBB1114E43DBF005ECFA1 /* DazFireController.h */ = {isa = PBXFileReference; fileEncoding = 4; lastKnownFileType = sourcecode.c.h; path = DazFireController.h; sourceTree = "<group>"; };
		3F0FBB1214E43DBF005ECFA1 /* DazFireController.m */ = {isa = PBXFileReference; fileEncoding = 4; lastKnownFileType = sourcecode.c.objc; path = DazFireController.m; sourceTree = "<group>"; };
		3F0FBB1414E444FD005ECFA1 /* DazHeart.png */ = {isa = PBXFileReference; lastKnownFileType = image.png; path = DazHeart.png; sourceTree = "<group>"; };
		3F0FBB1514E444FD005ECFA1 /* DazStarOutline.png */ = {isa = PBXFileReference; lastKnownFileType = image.png; path = DazStarOutline.png; sourceTree = "<group>"; };
		3F0FBB1C14E45E15005ECFA1 /* DazHeartIcon.png */ = {isa = PBXFileReference; lastKnownFileType = image.png; path = DazHeartIcon.png; sourceTree = "<group>"; };
		3F0FBB1D14E45E15005ECFA1 /* DazHeartIcon@2x.png */ = {isa = PBXFileReference; lastKnownFileType = image.png; path = "DazHeartIcon@2x.png"; sourceTree = "<group>"; };
		3F1A4CE414E584A200B948CF /* DazFire.png */ = {isa = PBXFileReference; lastKnownFileType = image.png; path = DazFire.png; sourceTree = "<group>"; };
		3F1A4CE514E584A200B948CF /* DazSmoke.png */ = {isa = PBXFileReference; lastKnownFileType = image.png; path = DazSmoke.png; sourceTree = "<group>"; };
		3F4AC03614E7082F00A91334 /* Icon-72.png */ = {isa = PBXFileReference; lastKnownFileType = image.png; path = "Icon-72.png"; sourceTree = "<group>"; };
		3F4AC03714E7082F00A91334 /* Icon-Small-50.png */ = {isa = PBXFileReference; lastKnownFileType = image.png; path = "Icon-Small-50.png"; sourceTree = "<group>"; };
		3F4AC03814E7082F00A91334 /* Icon-Small.png */ = {isa = PBXFileReference; lastKnownFileType = image.png; path = "Icon-Small.png"; sourceTree = "<group>"; };
		3F4AC03914E7082F00A91334 /* Icon-Small@2x.png */ = {isa = PBXFileReference; lastKnownFileType = image.png; path = "Icon-Small@2x.png"; sourceTree = "<group>"; };
		3F4AC03A14E7082F00A91334 /* Icon.png */ = {isa = PBXFileReference; lastKnownFileType = image.png; path = Icon.png; sourceTree = "<group>"; };
		3F4AC03B14E7082F00A91334 /* Icon@2x.png */ = {isa = PBXFileReference; lastKnownFileType = image.png; path = "Icon@2x.png"; sourceTree = "<group>"; };
		3F4AC03C14E7082F00A91334 /* iTunesArtwork.png */ = {isa = PBXFileReference; lastKnownFileType = image.png; path = iTunesArtwork.png; sourceTree = "<group>"; };
		3F4AC04F14E7259400A91334 /* DazTouchController.h */ = {isa = PBXFileReference; fileEncoding = 4; lastKnownFileType = sourcecode.c.h; path = DazTouchController.h; sourceTree = "<group>"; };
		3F4AC05014E7259400A91334 /* DazTouchController.m */ = {isa = PBXFileReference; fileEncoding = 4; lastKnownFileType = sourcecode.c.objc; path = DazTouchController.m; sourceTree = "<group>"; };
		3F4AC05214E7374200A91334 /* DazTriangle.png */ = {isa = PBXFileReference; lastKnownFileType = image.png; path = DazTriangle.png; sourceTree = "<group>"; };
		3F4AC05314E7374200A91334 /* DazRing.png */ = {isa = PBXFileReference; lastKnownFileType = image.png; path = DazRing.png; sourceTree = "<group>"; };
		3F687BC114E47426007F7BBF /* DazFlameIcon.png */ = {isa = PBXFileReference; lastKnownFileType = image.png; path = DazFlameIcon.png; sourceTree = "<group>"; };
		3F687BC214E47426007F7BBF /* DazFlameIcon@2x.png */ = {isa = PBXFileReference; lastKnownFileType = image.png; path = "DazFlameIcon@2x.png"; sourceTree = "<group>"; };
		3F687BC614E478EE007F7BBF /* DazFlake.png */ = {isa = PBXFileReference; lastKnownFileType = image.png; path = DazFlake.png; sourceTree = "<group>"; };
		3F687BC714E478EE007F7BBF /* DazFlakeIcon.png */ = {isa = PBXFileReference; lastKnownFileType = image.png; path = DazFlakeIcon.png; sourceTree = "<group>"; };
		3F687BC814E478EE007F7BBF /* DazFlakeIcon@2x.png */ = {isa = PBXFileReference; lastKnownFileType = image.png; path = "DazFlakeIcon@2x.png"; sourceTree = "<group>"; };
		3FBCC57414EAC1ED007A5BFF /* DazFireworksController.h */ = {isa = PBXFileReference; fileEncoding = 4; lastKnownFileType = sourcecode.c.h; path = DazFireworksController.h; sourceTree = "<group>"; };
		3FBCC57514EAC1ED007A5BFF /* DazFireworksController.m */ = {isa = PBXFileReference; fileEncoding = 4; lastKnownFileType = sourcecode.c.objc; path = DazFireworksController.m; sourceTree = "<group>"; };
		3FBCC57814EAF3E8007A5BFF /* DazStarIcon@2x.png */ = {isa = PBXFileReference; lastKnownFileType = image.png; path = "DazStarIcon@2x.png"; sourceTree = "<group>"; };
		3FBCC57914EAF3E8007A5BFF /* DazStarIcon.png */ = {isa = PBXFileReference; lastKnownFileType = image.png; path = DazStarIcon.png; sourceTree = "<group>"; };
		3FCB551F14EBE07E000164B1 /* readme.markdown */ = {isa = PBXFileReference; fileEncoding = 4; lastKnownFileType = text; path = readme.markdown; sourceTree = "<group>"; };
/* End PBXFileReference section */

/* Begin PBXFrameworksBuildPhase section */
		3F0FBACA14E41839005ECFA1 /* Frameworks */ = {
			isa = PBXFrameworksBuildPhase;
			buildActionMask = 2147483647;
			files = (
				3F0FBAFF14E41CD6005ECFA1 /* QuartzCore.framework in Frameworks */,
				3F0FBAD214E41839005ECFA1 /* UIKit.framework in Frameworks */,
				3F0FBAD414E41839005ECFA1 /* Foundation.framework in Frameworks */,
				3F0FBAD614E41839005ECFA1 /* CoreGraphics.framework in Frameworks */,
			);
			runOnlyForDeploymentPostprocessing = 0;
		};
/* End PBXFrameworksBuildPhase section */

/* Begin PBXGroup section */
		3F0FBAC214E41839005ECFA1 = {
			isa = PBXGroup;
			children = (
				3FCB551F14EBE07E000164B1 /* readme.markdown */,
				3F0FBAD714E41839005ECFA1 /* Dazzle */,
				3F0FBAD014E41839005ECFA1 /* Frameworks */,
				3F0FBACE14E41839005ECFA1 /* Products */,
			);
			sourceTree = "<group>";
		};
		3F0FBACE14E41839005ECFA1 /* Products */ = {
			isa = PBXGroup;
			children = (
				3F0FBACD14E41839005ECFA1 /* Dazzle.app */,
			);
			name = Products;
			sourceTree = "<group>";
		};
		3F0FBAD014E41839005ECFA1 /* Frameworks */ = {
			isa = PBXGroup;
			children = (
				3F0FBAFE14E41CD6005ECFA1 /* QuartzCore.framework */,
				3F0FBAD114E41839005ECFA1 /* UIKit.framework */,
				3F0FBAD314E41839005ECFA1 /* Foundation.framework */,
				3F0FBAD514E41839005ECFA1 /* CoreGraphics.framework */,
			);
			name = Frameworks;
			sourceTree = "<group>";
		};
		3F0FBAD714E41839005ECFA1 /* Dazzle */ = {
			isa = PBXGroup;
			children = (
				3F0FBAFC14E41BF7005ECFA1 /* App Core */,
				3F0FBAF014E41839005ECFA1 /* DazInfoController.h */,
				3F0FBAF114E41839005ECFA1 /* DazInfoController.m */,
				3F0FBAE914E41839005ECFA1 /* DazViewController.h */,
				3F0FBAEA14E41839005ECFA1 /* DazViewController.m */,
				3F0FBB1114E43DBF005ECFA1 /* DazFireController.h */,
				3F0FBB1214E43DBF005ECFA1 /* DazFireController.m */,
				3F4AC04F14E7259400A91334 /* DazTouchController.h */,
				3F4AC05014E7259400A91334 /* DazTouchController.m */,
				3FBCC57414EAC1ED007A5BFF /* DazFireworksController.h */,
				3FBCC57514EAC1ED007A5BFF /* DazFireworksController.m */,
				3F0FBAFD14E41C98005ECFA1 /* Ressources */,
				3F0FBAD814E41839005ECFA1 /* Supporting Files */,
			);
			path = Dazzle;
			sourceTree = "<group>";
		};
		3F0FBAD814E41839005ECFA1 /* Supporting Files */ = {
			isa = PBXGroup;
			children = (
				3F0FBADD14E41839005ECFA1 /* main.m */,
				3F0FBADF14E41839005ECFA1 /* Dazzle-Prefix.pch */,
			);
			name = "Supporting Files";
			sourceTree = "<group>";
		};
		3F0FBAFC14E41BF7005ECFA1 /* App Core */ = {
			isa = PBXGroup;
			children = (
				3F0FBAE314E41839005ECFA1 /* iPhone.storyboard */,
				3F0FBAD914E41839005ECFA1 /* Dazzle-Info.plist */,
				3F0FBAE014E41839005ECFA1 /* DazAppDelegate.h */,
				3F0FBAE114E41839005ECFA1 /* DazAppDelegate.m */,
			);
			name = "App Core";
			sourceTree = "<group>";
		};
		3F0FBAFD14E41C98005ECFA1 /* Ressources */ = {
			isa = PBXGroup;
			children = (
				3F4AC03514E7081A00A91334 /* App Icons */,
				3F4AC03314E707EA00A91334 /* Sprites */,
				3F4AC03414E707EF00A91334 /* Tab Icons */,
				3F0FBADA14E41839005ECFA1 /* InfoPlist.strings */,
			);
			name = Ressources;
			sourceTree = "<group>";
		};
		3F4AC03314E707EA00A91334 /* Sprites */ = {
			isa = PBXGroup;
			children = (
				3F1A4CE414E584A200B948CF /* DazFire.png */,
				3F1A4CE514E584A200B948CF /* DazSmoke.png */,
				3F0FBB1414E444FD005ECFA1 /* DazHeart.png */,
				3F687BC614E478EE007F7BBF /* DazFlake.png */,
				3F0FBB1514E444FD005ECFA1 /* DazStarOutline.png */,
				3F4AC05214E7374200A91334 /* DazTriangle.png */,
				3F4AC05314E7374200A91334 /* DazRing.png */,
			);
			name = Sprites;
			sourceTree = "<group>";
		};
		3F4AC03414E707EF00A91334 /* Tab Icons */ = {
			isa = PBXGroup;
			children = (
				3F0FBB1C14E45E15005ECFA1 /* DazHeartIcon.png */,
				3F0FBB1D14E45E15005ECFA1 /* DazHeartIcon@2x.png */,
				3F687BC114E47426007F7BBF /* DazFlameIcon.png */,
				3F687BC214E47426007F7BBF /* DazFlameIcon@2x.png */,
				3F687BC714E478EE007F7BBF /* DazFlakeIcon.png */,
				3F687BC814E478EE007F7BBF /* DazFlakeIcon@2x.png */,
				3FBCC57914EAF3E8007A5BFF /* DazStarIcon.png */,
				3FBCC57814EAF3E8007A5BFF /* DazStarIcon@2x.png */,
				3F0FBAEC14E41839005ECFA1 /* first.png */,
				3F0FBAEE14E41839005ECFA1 /* first@2x.png */,
			);
			name = "Tab Icons";
			sourceTree = "<group>";
		};
		3F4AC03514E7081A00A91334 /* App Icons */ = {
			isa = PBXGroup;
			children = (
				3F4AC03614E7082F00A91334 /* Icon-72.png */,
				3F4AC03714E7082F00A91334 /* Icon-Small-50.png */,
				3F4AC03814E7082F00A91334 /* Icon-Small.png */,
				3F4AC03914E7082F00A91334 /* Icon-Small@2x.png */,
				3F4AC03A14E7082F00A91334 /* Icon.png */,
				3F4AC03B14E7082F00A91334 /* Icon@2x.png */,
				3F4AC03C14E7082F00A91334 /* iTunesArtwork.png */,
			);
			name = "App Icons";
			sourceTree = "<group>";
		};
/* End PBXGroup section */

/* Begin PBXNativeTarget section */
		3F0FBACC14E41839005ECFA1 /* Dazzle */ = {
			isa = PBXNativeTarget;
			buildConfigurationList = 3F0FBAF914E41839005ECFA1 /* Build configuration list for PBXNativeTarget "Dazzle" */;
			buildPhases = (
				3F0FBAC914E41839005ECFA1 /* Sources */,
				3F0FBACA14E41839005ECFA1 /* Frameworks */,
				3F0FBACB14E41839005ECFA1 /* Resources */,
			);
			buildRules = (
			);
			dependencies = (
			);
			name = Dazzle;
			productName = Dazzle;
			productReference = 3F0FBACD14E41839005ECFA1 /* Dazzle.app */;
			productType = "com.apple.product-type.application";
		};
/* End PBXNativeTarget section */

/* Begin PBXProject section */
		3F0FBAC414E41839005ECFA1 /* Project object */ = {
			isa = PBXProject;
			attributes = {
				LastUpgradeCheck = 0420;
				ORGANIZATIONNAME = "Leonhard Lichtschlag";
			};
			buildConfigurationList = 3F0FBAC714E41839005ECFA1 /* Build configuration list for PBXProject "Dazzle" */;
			compatibilityVersion = "Xcode 3.2";
			developmentRegion = English;
			hasScannedForEncodings = 0;
			knownRegions = (
				en,
			);
			mainGroup = 3F0FBAC214E41839005ECFA1;
			productRefGroup = 3F0FBACE14E41839005ECFA1 /* Products */;
			projectDirPath = "";
			projectRoot = "";
			targets = (
				3F0FBACC14E41839005ECFA1 /* Dazzle */,
			);
		};
/* End PBXProject section */

/* Begin PBXResourcesBuildPhase section */
		3F0FBACB14E41839005ECFA1 /* Resources */ = {
			isa = PBXResourcesBuildPhase;
			buildActionMask = 2147483647;
			files = (
				3F0FBADC14E41839005ECFA1 /* InfoPlist.strings in Resources */,
				3F0FBAE514E41839005ECFA1 /* iPhone.storyboard in Resources */,
				3F0FBAED14E41839005ECFA1 /* first.png in Resources */,
				3F0FBAEF14E41839005ECFA1 /* first@2x.png in Resources */,
				3F0FBB1614E444FD005ECFA1 /* DazHeart.png in Resources */,
				3F0FBB1714E444FD005ECFA1 /* DazStarOutline.png in Resources */,
				3F0FBB1E14E45E15005ECFA1 /* DazHeartIcon.png in Resources */,
				3F0FBB1F14E45E15005ECFA1 /* DazHeartIcon@2x.png in Resources */,
				3F687BC314E47426007F7BBF /* DazFlameIcon.png in Resources */,
				3F687BC414E47426007F7BBF /* DazFlameIcon@2x.png in Resources */,
				3F687BC914E478EE007F7BBF /* DazFlake.png in Resources */,
				3F687BCA14E478EE007F7BBF /* DazFlakeIcon.png in Resources */,
				3F687BCB14E478EE007F7BBF /* DazFlakeIcon@2x.png in Resources */,
				3F1A4CE614E584A200B948CF /* DazFire.png in Resources */,
				3F1A4CE714E584A200B948CF /* DazSmoke.png in Resources */,
				3F4AC03D14E7082F00A91334 /* Icon-72.png in Resources */,
				3F4AC03E14E7082F00A91334 /* Icon-Small-50.png in Resources */,
				3F4AC03F14E7082F00A91334 /* Icon-Small.png in Resources */,
				3F4AC04014E7082F00A91334 /* Icon-Small@2x.png in Resources */,
				3F4AC04114E7082F00A91334 /* Icon.png in Resources */,
				3F4AC04214E7082F00A91334 /* Icon@2x.png in Resources */,
				3F4AC04314E7082F00A91334 /* iTunesArtwork.png in Resources */,
				3F4AC05414E7374200A91334 /* DazTriangle.png in Resources */,
				3F4AC05514E7374200A91334 /* DazRing.png in Resources */,
				3FBCC57A14EAF3E8007A5BFF /* DazStarIcon@2x.png in Resources */,
				3FBCC57B14EAF3E8007A5BFF /* DazStarIcon.png in Resources */,
				3FCB552014EBE07E000164B1 /* readme.markdown in Resources */,
			);
			runOnlyForDeploymentPostprocessing = 0;
		};
/* End PBXResourcesBuildPhase section */

/* Begin PBXSourcesBuildPhase section */
		3F0FBAC914E41839005ECFA1 /* Sources */ = {
			isa = PBXSourcesBuildPhase;
			buildActionMask = 2147483647;
			files = (
				3F0FBADE14E41839005ECFA1 /* main.m in Sources */,
				3F0FBAE214E41839005ECFA1 /* DazAppDelegate.m in Sources */,
				3F0FBAEB14E41839005ECFA1 /* DazViewController.m in Sources */,
				3F0FBAF214E41839005ECFA1 /* DazInfoController.m in Sources */,
				3F0FBB1314E43DBF005ECFA1 /* DazFireController.m in Sources */,
				3F4AC05114E7259500A91334 /* DazTouchController.m in Sources */,
				3FBCC57614EAC1ED007A5BFF /* DazFireworksController.m in Sources */,
			);
			runOnlyForDeploymentPostprocessing = 0;
		};
/* End PBXSourcesBuildPhase section */

/* Begin PBXVariantGroup section */
		3F0FBADA14E41839005ECFA1 /* InfoPlist.strings */ = {
			isa = PBXVariantGroup;
			children = (
				3F0FBADB14E41839005ECFA1 /* en */,
			);
			name = InfoPlist.strings;
			sourceTree = "<group>";
		};
		3F0FBAE314E41839005ECFA1 /* iPhone.storyboard */ = {
			isa = PBXVariantGroup;
			children = (
				3F0FBAE414E41839005ECFA1 /* en */,
			);
			name = iPhone.storyboard;
			sourceTree = "<group>";
		};
/* End PBXVariantGroup section */

/* Begin XCBuildConfiguration section */
		3F0FBAF714E41839005ECFA1 /* Debug */ = {
			isa = XCBuildConfiguration;
			buildSettings = {
				ALWAYS_SEARCH_USER_PATHS = NO;
				ARCHS = "$(ARCHS_STANDARD_32_BIT)";
				CLANG_ENABLE_OBJC_ARC = YES;
				"CODE_SIGN_IDENTITY[sdk=iphoneos*]" = "iPhone Developer";
				COPY_PHASE_STRIP = NO;
				GCC_C_LANGUAGE_STANDARD = gnu99;
				GCC_DYNAMIC_NO_PIC = NO;
				GCC_OPTIMIZATION_LEVEL = 0;
				GCC_PREPROCESSOR_DEFINITIONS = (
					"DEBUG=1",
					"$(inherited)",
				);
				GCC_SYMBOLS_PRIVATE_EXTERN = NO;
				GCC_VERSION = com.apple.compilers.llvm.clang.1_0;
				GCC_WARN_ABOUT_MISSING_PROTOTYPES = YES;
				GCC_WARN_ABOUT_RETURN_TYPE = YES;
				GCC_WARN_UNUSED_VARIABLE = YES;
				IPHONEOS_DEPLOYMENT_TARGET = 5.0;
				SDKROOT = iphoneos;
				TARGETED_DEVICE_FAMILY = "1,2";
			};
			name = Debug;
		};
		3F0FBAF814E41839005ECFA1 /* Release */ = {
			isa = XCBuildConfiguration;
			buildSettings = {
				ALWAYS_SEARCH_USER_PATHS = NO;
				ARCHS = "$(ARCHS_STANDARD_32_BIT)";
				CLANG_ENABLE_OBJC_ARC = YES;
				"CODE_SIGN_IDENTITY[sdk=iphoneos*]" = "iPhone Developer";
				COPY_PHASE_STRIP = YES;
				GCC_C_LANGUAGE_STANDARD = gnu99;
				GCC_VERSION = com.apple.compilers.llvm.clang.1_0;
				GCC_WARN_ABOUT_MISSING_PROTOTYPES = YES;
				GCC_WARN_ABOUT_RETURN_TYPE = YES;
				GCC_WARN_UNUSED_VARIABLE = YES;
				IPHONEOS_DEPLOYMENT_TARGET = 5.0;
				OTHER_CFLAGS = "-DNS_BLOCK_ASSERTIONS=1";
				SDKROOT = iphoneos;
				TARGETED_DEVICE_FAMILY = "1,2";
				VALIDATE_PRODUCT = YES;
			};
			name = Release;
		};
		3F0FBAFA14E41839005ECFA1 /* Debug */ = {
			isa = XCBuildConfiguration;
			buildSettings = {
				GCC_PRECOMPILE_PREFIX_HEADER = YES;
				GCC_PREFIX_HEADER = "Dazzle/Dazzle-Prefix.pch";
				INFOPLIST_FILE = "Dazzle/Dazzle-Info.plist";
				IPHONEOS_DEPLOYMENT_TARGET = 5.0;
				PRODUCT_NAME = "$(TARGET_NAME)";
				TARGETED_DEVICE_FAMILY = 1;
				WRAPPER_EXTENSION = app;
			};
			name = Debug;
		};
		3F0FBAFB14E41839005ECFA1 /* Release */ = {
			isa = XCBuildConfiguration;
			buildSettings = {
				GCC_PRECOMPILE_PREFIX_HEADER = YES;
				GCC_PREFIX_HEADER = "Dazzle/Dazzle-Prefix.pch";
				INFOPLIST_FILE = "Dazzle/Dazzle-Info.plist";
				IPHONEOS_DEPLOYMENT_TARGET = 5.0;
				PRODUCT_NAME = "$(TARGET_NAME)";
				TARGETED_DEVICE_FAMILY = 1;
				WRAPPER_EXTENSION = app;
			};
			name = Release;
		};
/* End XCBuildConfiguration section */

/* Begin XCConfigurationList section */
		3F0FBAC714E41839005ECFA1 /* Build configuration list for PBXProject "Dazzle" */ = {
			isa = XCConfigurationList;
			buildConfigurations = (
				3F0FBAF714E41839005ECFA1 /* Debug */,
				3F0FBAF814E41839005ECFA1 /* Release */,
			);
			defaultConfigurationIsVisible = 0;
			defaultConfigurationName = Release;
		};
		3F0FBAF914E41839005ECFA1 /* Build configuration list for PBXNativeTarget "Dazzle" */ = {
			isa = XCConfigurationList;
			buildConfigurations = (
				3F0FBAFA14E41839005ECFA1 /* Debug */,
				3F0FBAFB14E41839005ECFA1 /* Release */,
			);
			defaultConfigurationIsVisible = 0;
			defaultConfigurationName = Release;
		};
/* End XCConfigurationList section */
	};
	rootObject = 3F0FBAC414E41839005ECFA1 /* Project object */;
}
